
Microsoft Visual Studio Solution File, Format Version 12.00
# Visual Studio Version 17
VisualStudioVersion = 17.1.32328.378
MinimumVisualStudioVersion = 10.0.40219.1
Project("{9A19103F-16F7-4668-BE54-9A1E7A4F7556}") = "samples", "samples\samples.csproj", "{49FC460B-A1B5-441E-9F5A-2D498A1D7E09}"
EndProject
Project("{9A19103F-16F7-4668-BE54-9A1E7A4F7556}") = "Avalanche.StatusCode.HResult", "Avalanche.StatusCode.HResult\Avalanche.StatusCode.HResult.csproj", "{1971F152-0702-40D8-BF1B-45379E8BFCE2}"
EndProject
Project("{9A19103F-16F7-4668-BE54-9A1E7A4F7556}") = "Avalanche.StatusCode.System", "Avalanche.StatusCode.System\Avalanche.StatusCode.System.csproj", "{04F6EB1E-226D-45FF-B56C-FDFDF62A94EF}"
EndProject
Global
	GlobalSection(SolutionConfigurationPlatforms) = preSolution
		Debug|Any CPU = Debug|Any CPU
		Release|Any CPU = Release|Any CPU
	EndGlobalSection
	GlobalSection(ProjectConfigurationPlatforms) = postSolution
		{49FC460B-A1B5-441E-9F5A-2D498A1D7E09}.Debug|Any CPU.ActiveCfg = Debug|Any CPU
		{49FC460B-A1B5-441E-9F5A-2D498A1D7E09}.Debug|Any CPU.Build.0 = Debug|Any CPU
		{49FC460B-A1B5-441E-9F5A-2D498A1D7E09}.Release|Any CPU.ActiveCfg = Release|Any CPU
		{49FC460B-A1B5-441E-9F5A-2D498A1D7E09}.Release|Any CPU.Build.0 = Release|Any CPU
		{1971F152-0702-40D8-BF1B-45379E8BFCE2}.Debug|Any CPU.ActiveCfg = Debug|Any CPU
		{1971F152-0702-40D8-BF1B-45379E8BFCE2}.Debug|Any CPU.Build.0 = Debug|Any CPU
		{1971F152-0702-40D8-BF1B-45379E8BFCE2}.Release|Any CPU.ActiveCfg = Release|Any CPU
		{1971F152-0702-40D8-BF1B-45379E8BFCE2}.Release|Any CPU.Build.0 = Release|Any CPU
		{04F6EB1E-226D-45FF-B56C-FDFDF62A94EF}.Debug|Any CPU.ActiveCfg = Debug|Any CPU
		{04F6EB1E-226D-45FF-B56C-FDFDF62A94EF}.Debug|Any CPU.Build.0 = Debug|Any CPU
		{04F6EB1E-226D-45FF-B56C-FDFDF62A94EF}.Release|Any CPU.ActiveCfg = Release|Any CPU
		{04F6EB1E-226D-45FF-B56C-FDFDF62A94EF}.Release|Any CPU.Build.0 = Release|Any CPU
	EndGlobalSection
	GlobalSection(SolutionProperties) = preSolution
		HideSolutionNode = FALSE
	EndGlobalSection
	GlobalSection(ExtensibilityGlobals) = postSolution
		SolutionGuid = {5724B3A5-6758-43BF-8500-EE372D7024D6}
	EndGlobalSection
EndGlobal
